// !$*UTF8*$!
{
	archiveVersion = 1;
	classes = {
	};
	objectVersion = 46;
	objects = {

/* Begin PBXBuildFile section */
		3ED40B67F2BA4EBFBC6D900D /* libPods-FastFavs.a in Frameworks */ = {isa = PBXBuildFile; fileRef = 9989D6D9858D409DAACF6BEA /* libPods-FastFavs.a */; };
		A7BE973B187C241900F19794 /* UIImage+Alpha.m in Sources */ = {isa = PBXBuildFile; fileRef = A7BE9736187C241900F19794 /* UIImage+Alpha.m */; };
		A7BE973C187C241900F19794 /* UIImage+Resize.m in Sources */ = {isa = PBXBuildFile; fileRef = A7BE9738187C241900F19794 /* UIImage+Resize.m */; };
		A7BE973D187C241900F19794 /* UIImage+RoundedCorner.m in Sources */ = {isa = PBXBuildFile; fileRef = A7BE973A187C241900F19794 /* UIImage+RoundedCorner.m */; };
		A7BE9740187C25CE00F19794 /* OBRFastFavsMainDetailCollectionViewVC.m in Sources */ = {isa = PBXBuildFile; fileRef = A7BE973F187C25CE00F19794 /* OBRFastFavsMainDetailCollectionViewVC.m */; };
		A7BE9745187C266400F19794 /* FFFFastFavSectionHeader.m in Sources */ = {isa = PBXBuildFile; fileRef = A7BE9742187C266400F19794 /* FFFFastFavSectionHeader.m */; };
		A7BE9746187C266400F19794 /* FFFUICollectionViewFastFavCell.m in Sources */ = {isa = PBXBuildFile; fileRef = A7BE9744187C266400F19794 /* FFFUICollectionViewFastFavCell.m */; };
		A7BE9749187C272100F19794 /* OBRFastFavsDetailImageVC.m in Sources */ = {isa = PBXBuildFile; fileRef = A7BE9748187C272100F19794 /* OBRFastFavsDetailImageVC.m */; };
		A7EFEE31187BE2AB00518B76 /* Foundation.framework in Frameworks */ = {isa = PBXBuildFile; fileRef = A7EFEE30187BE2AB00518B76 /* Foundation.framework */; };
		A7EFEE33187BE2AB00518B76 /* CoreGraphics.framework in Frameworks */ = {isa = PBXBuildFile; fileRef = A7EFEE32187BE2AB00518B76 /* CoreGraphics.framework */; };
		A7EFEE35187BE2AB00518B76 /* UIKit.framework in Frameworks */ = {isa = PBXBuildFile; fileRef = A7EFEE34187BE2AB00518B76 /* UIKit.framework */; };
		A7EFEE3B187BE2AB00518B76 /* InfoPlist.strings in Resources */ = {isa = PBXBuildFile; fileRef = A7EFEE39187BE2AB00518B76 /* InfoPlist.strings */; };
		A7EFEE3D187BE2AB00518B76 /* main.m in Sources */ = {isa = PBXBuildFile; fileRef = A7EFEE3C187BE2AB00518B76 /* main.m */; };
		A7EFEE41187BE2AB00518B76 /* DOBRAppDelegate.m in Sources */ = {isa = PBXBuildFile; fileRef = A7EFEE40187BE2AB00518B76 /* DOBRAppDelegate.m */; };
		A7EFEE44187BE2AB00518B76 /* Main_iPhone.storyboard in Resources */ = {isa = PBXBuildFile; fileRef = A7EFEE42187BE2AB00518B76 /* Main_iPhone.storyboard */; };
		A7EFEE47187BE2AB00518B76 /* Main_iPad.storyboard in Resources */ = {isa = PBXBuildFile; fileRef = A7EFEE45187BE2AB00518B76 /* Main_iPad.storyboard */; };
		A7EFEE4C187BE2AB00518B76 /* Images.xcassets in Resources */ = {isa = PBXBuildFile; fileRef = A7EFEE4B187BE2AB00518B76 /* Images.xcassets */; };
		A7EFEE53187BE2AB00518B76 /* XCTest.framework in Frameworks */ = {isa = PBXBuildFile; fileRef = A7EFEE52187BE2AB00518B76 /* XCTest.framework */; };
		A7EFEE54187BE2AB00518B76 /* Foundation.framework in Frameworks */ = {isa = PBXBuildFile; fileRef = A7EFEE30187BE2AB00518B76 /* Foundation.framework */; };
		A7EFEE55187BE2AB00518B76 /* UIKit.framework in Frameworks */ = {isa = PBXBuildFile; fileRef = A7EFEE34187BE2AB00518B76 /* UIKit.framework */; };
		A7EFEE5D187BE2AB00518B76 /* InfoPlist.strings in Resources */ = {isa = PBXBuildFile; fileRef = A7EFEE5B187BE2AB00518B76 /* InfoPlist.strings */; };
		A7EFEE5F187BE2AB00518B76 /* FastFavsTests.m in Sources */ = {isa = PBXBuildFile; fileRef = A7EFEE5E187BE2AB00518B76 /* FastFavsTests.m */; };
		A7EFEE79187BE53100518B76 /* .gitattributes in Resources */ = {isa = PBXBuildFile; fileRef = A7EFEE77187BE53100518B76 /* .gitattributes */; };
		A7EFEE7A187BE53100518B76 /* .gitignore in Resources */ = {isa = PBXBuildFile; fileRef = A7EFEE78187BE53100518B76 /* .gitignore */; };
		A7EFEE7C187BE65D00518B76 /* Podfile in Resources */ = {isa = PBXBuildFile; fileRef = A7EFEE7B187BE65D00518B76 /* Podfile */; };
/* End PBXBuildFile section */

/* Begin PBXContainerItemProxy section */
		A7EFEE56187BE2AB00518B76 /* PBXContainerItemProxy */ = {
			isa = PBXContainerItemProxy;
			containerPortal = A7EFEE25187BE2AB00518B76 /* Project object */;
			proxyType = 1;
			remoteGlobalIDString = A7EFEE2C187BE2AB00518B76;
			remoteInfo = FastFavs;
		};
/* End PBXContainerItemProxy section */

/* Begin PBXFileReference section */
		2B9C983DD0974A54BD33E2F4 /* Pods-FastFavs.xcconfig */ = {isa = PBXFileReference; includeInIndex = 1; lastKnownFileType = text.xcconfig; name = "Pods-FastFavs.xcconfig"; path = "Pods/Pods-FastFavs.xcconfig"; sourceTree = "<group>"; };
		9989D6D9858D409DAACF6BEA /* libPods-FastFavs.a */ = {isa = PBXFileReference; explicitFileType = archive.ar; includeInIndex = 0; path = "libPods-FastFavs.a"; sourceTree = BUILT_PRODUCTS_DIR; };
		A7BE9735187C241900F19794 /* UIImage+Alpha.h */ = {isa = PBXFileReference; fileEncoding = 4; lastKnownFileType = sourcecode.c.h; path = "UIImage+Alpha.h"; sourceTree = "<group>"; };
		A7BE9736187C241900F19794 /* UIImage+Alpha.m */ = {isa = PBXFileReference; fileEncoding = 4; lastKnownFileType = sourcecode.c.objc; path = "UIImage+Alpha.m"; sourceTree = "<group>"; };
		A7BE9737187C241900F19794 /* UIImage+Resize.h */ = {isa = PBXFileReference; fileEncoding = 4; lastKnownFileType = sourcecode.c.h; path = "UIImage+Resize.h"; sourceTree = "<group>"; };
		A7BE9738187C241900F19794 /* UIImage+Resize.m */ = {isa = PBXFileReference; fileEncoding = 4; lastKnownFileType = sourcecode.c.objc; path = "UIImage+Resize.m"; sourceTree = "<group>"; };
		A7BE9739187C241900F19794 /* UIImage+RoundedCorner.h */ = {isa = PBXFileReference; fileEncoding = 4; lastKnownFileType = sourcecode.c.h; path = "UIImage+RoundedCorner.h"; sourceTree = "<group>"; };
		A7BE973A187C241900F19794 /* UIImage+RoundedCorner.m */ = {isa = PBXFileReference; fileEncoding = 4; lastKnownFileType = sourcecode.c.objc; path = "UIImage+RoundedCorner.m"; sourceTree = "<group>"; };
		A7BE973E187C25CE00F19794 /* OBRFastFavsMainDetailCollectionViewVC.h */ = {isa = PBXFileReference; fileEncoding = 4; lastKnownFileType = sourcecode.c.h; path = OBRFastFavsMainDetailCollectionViewVC.h; sourceTree = "<group>"; };
		A7BE973F187C25CE00F19794 /* OBRFastFavsMainDetailCollectionViewVC.m */ = {isa = PBXFileReference; fileEncoding = 4; lastKnownFileType = sourcecode.c.objc; path = OBRFastFavsMainDetailCollectionViewVC.m; sourceTree = "<group>"; };
		A7BE9741187C266400F19794 /* FFFFastFavSectionHeader.h */ = {isa = PBXFileReference; fileEncoding = 4; lastKnownFileType = sourcecode.c.h; path = FFFFastFavSectionHeader.h; sourceTree = "<group>"; };
		A7BE9742187C266400F19794 /* FFFFastFavSectionHeader.m */ = {isa = PBXFileReference; fileEncoding = 4; lastKnownFileType = sourcecode.c.objc; path = FFFFastFavSectionHeader.m; sourceTree = "<group>"; };
		A7BE9743187C266400F19794 /* FFFUICollectionViewFastFavCell.h */ = {isa = PBXFileReference; fileEncoding = 4; lastKnownFileType = sourcecode.c.h; path = FFFUICollectionViewFastFavCell.h; sourceTree = "<group>"; };
		A7BE9744187C266400F19794 /* FFFUICollectionViewFastFavCell.m */ = {isa = PBXFileReference; fileEncoding = 4; lastKnownFileType = sourcecode.c.objc; path = FFFUICollectionViewFastFavCell.m; sourceTree = "<group>"; };
		A7BE9747187C272100F19794 /* OBRFastFavsDetailImageVC.h */ = {isa = PBXFileReference; fileEncoding = 4; lastKnownFileType = sourcecode.c.h; path = OBRFastFavsDetailImageVC.h; sourceTree = "<group>"; };
		A7BE9748187C272100F19794 /* OBRFastFavsDetailImageVC.m */ = {isa = PBXFileReference; fileEncoding = 4; lastKnownFileType = sourcecode.c.objc; path = OBRFastFavsDetailImageVC.m; sourceTree = "<group>"; };
		A7EFEE2D187BE2AB00518B76 /* FastFavs.app */ = {isa = PBXFileReference; explicitFileType = wrapper.application; includeInIndex = 0; path = FastFavs.app; sourceTree = BUILT_PRODUCTS_DIR; };
		A7EFEE30187BE2AB00518B76 /* Foundation.framework */ = {isa = PBXFileReference; lastKnownFileType = wrapper.framework; name = Foundation.framework; path = System/Library/Frameworks/Foundation.framework; sourceTree = SDKROOT; };
		A7EFEE32187BE2AB00518B76 /* CoreGraphics.framework */ = {isa = PBXFileReference; lastKnownFileType = wrapper.framework; name = CoreGraphics.framework; path = System/Library/Frameworks/CoreGraphics.framework; sourceTree = SDKROOT; };
		A7EFEE34187BE2AB00518B76 /* UIKit.framework */ = {isa = PBXFileReference; lastKnownFileType = wrapper.framework; name = UIKit.framework; path = System/Library/Frameworks/UIKit.framework; sourceTree = SDKROOT; };
		A7EFEE38187BE2AB00518B76 /* FastFavs-Info.plist */ = {isa = PBXFileReference; lastKnownFileType = text.plist.xml; path = "FastFavs-Info.plist"; sourceTree = "<group>"; };
		A7EFEE3A187BE2AB00518B76 /* en */ = {isa = PBXFileReference; lastKnownFileType = text.plist.strings; name = en; path = en.lproj/InfoPlist.strings; sourceTree = "<group>"; };
		A7EFEE3C187BE2AB00518B76 /* main.m */ = {isa = PBXFileReference; lastKnownFileType = sourcecode.c.objc; path = main.m; sourceTree = "<group>"; };
		A7EFEE3E187BE2AB00518B76 /* FastFavs-Prefix.pch */ = {isa = PBXFileReference; lastKnownFileType = sourcecode.c.h; path = "FastFavs-Prefix.pch"; sourceTree = "<group>"; };
		A7EFEE3F187BE2AB00518B76 /* DOBRAppDelegate.h */ = {isa = PBXFileReference; lastKnownFileType = sourcecode.c.h; name = DOBRAppDelegate.h; path = ../DOBRAppDelegate.h; sourceTree = "<group>"; };
		A7EFEE40187BE2AB00518B76 /* DOBRAppDelegate.m */ = {isa = PBXFileReference; lastKnownFileType = sourcecode.c.objc; name = DOBRAppDelegate.m; path = ../DOBRAppDelegate.m; sourceTree = "<group>"; };
		A7EFEE43187BE2AB00518B76 /* Base */ = {isa = PBXFileReference; lastKnownFileType = file.storyboard; name = Base; path = Base.lproj/Main_iPhone.storyboard; sourceTree = "<group>"; };
		A7EFEE46187BE2AB00518B76 /* Base */ = {isa = PBXFileReference; lastKnownFileType = file.storyboard; name = Base; path = Base.lproj/Main_iPad.storyboard; sourceTree = "<group>"; };
		A7EFEE4B187BE2AB00518B76 /* Images.xcassets */ = {isa = PBXFileReference; lastKnownFileType = folder.assetcatalog; name = Images.xcassets; path = ../../Images.xcassets; sourceTree = "<group>"; };
		A7EFEE51187BE2AB00518B76 /* FastFavsTests.xctest */ = {isa = PBXFileReference; explicitFileType = wrapper.cfbundle; includeInIndex = 0; path = FastFavsTests.xctest; sourceTree = BUILT_PRODUCTS_DIR; };
		A7EFEE52187BE2AB00518B76 /* XCTest.framework */ = {isa = PBXFileReference; lastKnownFileType = wrapper.framework; name = XCTest.framework; path = Library/Frameworks/XCTest.framework; sourceTree = DEVELOPER_DIR; };
		A7EFEE5A187BE2AB00518B76 /* FastFavsTests-Info.plist */ = {isa = PBXFileReference; lastKnownFileType = text.plist.xml; path = "FastFavsTests-Info.plist"; sourceTree = "<group>"; };
		A7EFEE5C187BE2AB00518B76 /* en */ = {isa = PBXFileReference; lastKnownFileType = text.plist.strings; name = en; path = en.lproj/InfoPlist.strings; sourceTree = "<group>"; };
		A7EFEE5E187BE2AB00518B76 /* FastFavsTests.m */ = {isa = PBXFileReference; lastKnownFileType = sourcecode.c.objc; path = FastFavsTests.m; sourceTree = "<group>"; };
		A7EFEE6A187BE45500518B76 /* DOBRCustomMacrosFile.h */ = {isa = PBXFileReference; fileEncoding = 4; lastKnownFileType = sourcecode.c.h; path = DOBRCustomMacrosFile.h; sourceTree = "<group>"; };
		A7EFEE77187BE53100518B76 /* .gitattributes */ = {isa = PBXFileReference; fileEncoding = 4; lastKnownFileType = text; path = .gitattributes; sourceTree = "<group>"; };
		A7EFEE78187BE53100518B76 /* .gitignore */ = {isa = PBXFileReference; fileEncoding = 4; lastKnownFileType = text; path = .gitignore; sourceTree = "<group>"; };
		A7EFEE7B187BE65D00518B76 /* Podfile */ = {isa = PBXFileReference; fileEncoding = 4; lastKnownFileType = text; path = Podfile; sourceTree = "<group>"; };
		A7EFEE7D187BE70F00518B76 /* TODO2.h */ = {isa = PBXFileReference; lastKnownFileType = sourcecode.c.h; path = TODO2.h; sourceTree = "<group>"; };
/* End PBXFileReference section */

/* Begin PBXFrameworksBuildPhase section */
		A7EFEE2A187BE2AB00518B76 /* Frameworks */ = {
			isa = PBXFrameworksBuildPhase;
			buildActionMask = 2147483647;
			files = (
				A7EFEE33187BE2AB00518B76 /* CoreGraphics.framework in Frameworks */,
				A7EFEE35187BE2AB00518B76 /* UIKit.framework in Frameworks */,
				A7EFEE31187BE2AB00518B76 /* Foundation.framework in Frameworks */,
				3ED40B67F2BA4EBFBC6D900D /* libPods-FastFavs.a in Frameworks */,
			);
			runOnlyForDeploymentPostprocessing = 0;
		};
		A7EFEE4E187BE2AB00518B76 /* Frameworks */ = {
			isa = PBXFrameworksBuildPhase;
			buildActionMask = 2147483647;
			files = (
				A7EFEE53187BE2AB00518B76 /* XCTest.framework in Frameworks */,
				A7EFEE55187BE2AB00518B76 /* UIKit.framework in Frameworks */,
				A7EFEE54187BE2AB00518B76 /* Foundation.framework in Frameworks */,
			);
			runOnlyForDeploymentPostprocessing = 0;
		};
/* End PBXFrameworksBuildPhase section */

/* Begin PBXGroup section */
		A7BE9734187C241900F19794 /* UIImage-Categories */ = {
			isa = PBXGroup;
			children = (
				A7BE9735187C241900F19794 /* UIImage+Alpha.h */,
				A7BE9736187C241900F19794 /* UIImage+Alpha.m */,
				A7BE9737187C241900F19794 /* UIImage+Resize.h */,
				A7BE9738187C241900F19794 /* UIImage+Resize.m */,
				A7BE9739187C241900F19794 /* UIImage+RoundedCorner.h */,
				A7BE973A187C241900F19794 /* UIImage+RoundedCorner.m */,
			);
			path = "UIImage-Categories";
			sourceTree = "<group>";
		};
		A7EFEE24187BE2AB00518B76 = {
			isa = PBXGroup;
			children = (
				A7EFEE7D187BE70F00518B76 /* TODO2.h */,
				A7EFEE7B187BE65D00518B76 /* Podfile */,
				A7EFEE77187BE53100518B76 /* .gitattributes */,
				A7EFEE78187BE53100518B76 /* .gitignore */,
				A7EFEE36187BE2AB00518B76 /* FastFavs */,
				A7EFEE58187BE2AB00518B76 /* FastFavsTests */,
				A7EFEE2F187BE2AB00518B76 /* Frameworks */,
				A7EFEE2E187BE2AB00518B76 /* Products */,
				2B9C983DD0974A54BD33E2F4 /* Pods-FastFavs.xcconfig */,
			);
			sourceTree = "<group>";
		};
		A7EFEE2E187BE2AB00518B76 /* Products */ = {
			isa = PBXGroup;
			children = (
				A7EFEE2D187BE2AB00518B76 /* FastFavs.app */,
				A7EFEE51187BE2AB00518B76 /* FastFavsTests.xctest */,
			);
			name = Products;
			sourceTree = "<group>";
		};
		A7EFEE2F187BE2AB00518B76 /* Frameworks */ = {
			isa = PBXGroup;
			children = (
				A7EFEE30187BE2AB00518B76 /* Foundation.framework */,
				A7EFEE32187BE2AB00518B76 /* CoreGraphics.framework */,
				A7EFEE34187BE2AB00518B76 /* UIKit.framework */,
				A7EFEE52187BE2AB00518B76 /* XCTest.framework */,
				9989D6D9858D409DAACF6BEA /* libPods-FastFavs.a */,
			);
			name = Frameworks;
			sourceTree = "<group>";
		};
		A7EFEE36187BE2AB00518B76 /* FastFavs */ = {
			isa = PBXGroup;
			children = (
				A7EFEE68187BE45500518B76 /* Classes */,
				A7EFEE6E187BE45500518B76 /* Resources */,
				A7EFEE37187BE2AB00518B76 /* Supporting Files */,
			);
			path = FastFavs;
			sourceTree = "<group>";
		};
		A7EFEE37187BE2AB00518B76 /* Supporting Files */ = {
			isa = PBXGroup;
			children = (
				A7EFEE38187BE2AB00518B76 /* FastFavs-Info.plist */,
				A7EFEE39187BE2AB00518B76 /* InfoPlist.strings */,
				A7EFEE3C187BE2AB00518B76 /* main.m */,
				A7EFEE3E187BE2AB00518B76 /* FastFavs-Prefix.pch */,
			);
			name = "Supporting Files";
			sourceTree = "<group>";
		};
		A7EFEE58187BE2AB00518B76 /* FastFavsTests */ = {
			isa = PBXGroup;
			children = (
				A7EFEE5E187BE2AB00518B76 /* FastFavsTests.m */,
				A7EFEE59187BE2AB00518B76 /* Supporting Files */,
			);
			path = FastFavsTests;
			sourceTree = "<group>";
		};
		A7EFEE59187BE2AB00518B76 /* Supporting Files */ = {
			isa = PBXGroup;
			children = (
				A7EFEE5A187BE2AB00518B76 /* FastFavsTests-Info.plist */,
				A7EFEE5B187BE2AB00518B76 /* InfoPlist.strings */,
			);
			name = "Supporting Files";
			sourceTree = "<group>";
		};
		A7EFEE68187BE45500518B76 /* Classes */ = {
			isa = PBXGroup;
			children = (
				A7EFEE3F187BE2AB00518B76 /* DOBRAppDelegate.h */,
				A7EFEE40187BE2AB00518B76 /* DOBRAppDelegate.m */,
				A7EFEE69187BE45500518B76 /* APIs */,
				A7EFEE6B187BE45500518B76 /* Controllers */,
				A7EFEE6C187BE45500518B76 /* Models */,
				A7EFEE6D187BE45500518B76 /* Views */,
			);
			path = Classes;
			sourceTree = "<group>";
		};
		A7EFEE69187BE45500518B76 /* APIs */ = {
			isa = PBXGroup;
			children = (
				A7BE9734187C241900F19794 /* UIImage-Categories */,
				A7EFEE6A187BE45500518B76 /* DOBRCustomMacrosFile.h */,
			);
			path = APIs;
			sourceTree = "<group>";
		};
		A7EFEE6B187BE45500518B76 /* Controllers */ = {
			isa = PBXGroup;
			children = (
				A7BE9747187C272100F19794 /* OBRFastFavsDetailImageVC.h */,
				A7BE9748187C272100F19794 /* OBRFastFavsDetailImageVC.m */,
				A7BE973E187C25CE00F19794 /* OBRFastFavsMainDetailCollectionViewVC.h */,
				A7BE973F187C25CE00F19794 /* OBRFastFavsMainDetailCollectionViewVC.m */,
			);
			path = Controllers;
			sourceTree = "<group>";
		};
		A7EFEE6C187BE45500518B76 /* Models */ = {
			isa = PBXGroup;
			children = (
			);
			path = Models;
			sourceTree = "<group>";
		};
		A7EFEE6D187BE45500518B76 /* Views */ = {
			isa = PBXGroup;
			children = (
				A7BE9741187C266400F19794 /* FFFFastFavSectionHeader.h */,
				A7BE9742187C266400F19794 /* FFFFastFavSectionHeader.m */,
				A7BE9743187C266400F19794 /* FFFUICollectionViewFastFavCell.h */,
				A7BE9744187C266400F19794 /* FFFUICollectionViewFastFavCell.m */,
			);
			path = Views;
			sourceTree = "<group>";
		};
		A7EFEE6E187BE45500518B76 /* Resources */ = {
			isa = PBXGroup;
			children = (
				A7EFEE6F187BE45500518B76 /* MediaAssets */,
				A7EFEE74187BE45500518B76 /* Plists */,
				A7EFEE75187BE45500518B76 /* Storyboards */,
				A7EFEE76187BE45500518B76 /* XIBs */,
			);
			path = Resources;
			sourceTree = "<group>";
		};
		A7EFEE6F187BE45500518B76 /* MediaAssets */ = {
			isa = PBXGroup;
			children = (
				A7EFEE4B187BE2AB00518B76 /* Images.xcassets */,
				A7EFEE70187BE45500518B76 /* Icons */,
				A7EFEE71187BE45500518B76 /* Images */,
				A7EFEE72187BE45500518B76 /* Sounds */,
				A7EFEE73187BE45500518B76 /* Sprites */,
			);
			path = MediaAssets;
			sourceTree = "<group>";
		};
		A7EFEE70187BE45500518B76 /* Icons */ = {
			isa = PBXGroup;
			children = (
			);
			path = Icons;
			sourceTree = "<group>";
		};
		A7EFEE71187BE45500518B76 /* Images */ = {
			isa = PBXGroup;
			children = (
			);
			path = Images;
			sourceTree = "<group>";
		};
		A7EFEE72187BE45500518B76 /* Sounds */ = {
			isa = PBXGroup;
			children = (
			);
			path = Sounds;
			sourceTree = "<group>";
		};
		A7EFEE73187BE45500518B76 /* Sprites */ = {
			isa = PBXGroup;
			children = (
			);
			path = Sprites;
			sourceTree = "<group>";
		};
		A7EFEE74187BE45500518B76 /* Plists */ = {
			isa = PBXGroup;
			children = (
			);
			path = Plists;
			sourceTree = "<group>";
		};
		A7EFEE75187BE45500518B76 /* Storyboards */ = {
			isa = PBXGroup;
			children = (
				A7EFEE42187BE2AB00518B76 /* Main_iPhone.storyboard */,
				A7EFEE45187BE2AB00518B76 /* Main_iPad.storyboard */,
			);
			path = Storyboards;
			sourceTree = "<group>";
		};
		A7EFEE76187BE45500518B76 /* XIBs */ = {
			isa = PBXGroup;
			children = (
			);
			path = XIBs;
			sourceTree = "<group>";
		};
/* End PBXGroup section */

/* Begin PBXNativeTarget section */
		A7EFEE2C187BE2AB00518B76 /* FastFavs */ = {
			isa = PBXNativeTarget;
			buildConfigurationList = A7EFEE62187BE2AB00518B76 /* Build configuration list for PBXNativeTarget "FastFavs" */;
			buildPhases = (
				56341C5413E14267B0DF0A67 /* Check Pods Manifest.lock */,
				A7EFEE29187BE2AB00518B76 /* Sources */,
				A7EFEE2A187BE2AB00518B76 /* Frameworks */,
				A7EFEE2B187BE2AB00518B76 /* Resources */,
				1792C5887DFB4E29BB788442 /* Copy Pods Resources */,
			);
			buildRules = (
			);
			dependencies = (
			);
			name = FastFavs;
			productName = FastFavs;
			productReference = A7EFEE2D187BE2AB00518B76 /* FastFavs.app */;
			productType = "com.apple.product-type.application";
		};
		A7EFEE50187BE2AB00518B76 /* FastFavsTests */ = {
			isa = PBXNativeTarget;
			buildConfigurationList = A7EFEE65187BE2AB00518B76 /* Build configuration list for PBXNativeTarget "FastFavsTests" */;
			buildPhases = (
				A7EFEE4D187BE2AB00518B76 /* Sources */,
				A7EFEE4E187BE2AB00518B76 /* Frameworks */,
				A7EFEE4F187BE2AB00518B76 /* Resources */,
			);
			buildRules = (
			);
			dependencies = (
				A7EFEE57187BE2AB00518B76 /* PBXTargetDependency */,
			);
			name = FastFavsTests;
			productName = FastFavsTests;
			productReference = A7EFEE51187BE2AB00518B76 /* FastFavsTests.xctest */;
			productType = "com.apple.product-type.bundle.unit-test";
		};
/* End PBXNativeTarget section */

/* Begin PBXProject section */
		A7EFEE25187BE2AB00518B76 /* Project object */ = {
			isa = PBXProject;
			attributes = {
				CLASSPREFIX = DOBR;
				LastUpgradeCheck = 0500;
				ORGANIZATIONNAME = "David Oliver Barreto Rodríguez";
				TargetAttributes = {
					A7EFEE2C187BE2AB00518B76 = {
						DevelopmentTeam = 32ZDG5YTYG;
					};
					A7EFEE50187BE2AB00518B76 = {
						TestTargetID = A7EFEE2C187BE2AB00518B76;
					};
				};
			};
			buildConfigurationList = A7EFEE28187BE2AB00518B76 /* Build configuration list for PBXProject "FastFavs" */;
			compatibilityVersion = "Xcode 3.2";
			developmentRegion = English;
			hasScannedForEncodings = 0;
			knownRegions = (
				en,
				Base,
			);
			mainGroup = A7EFEE24187BE2AB00518B76;
			productRefGroup = A7EFEE2E187BE2AB00518B76 /* Products */;
			projectDirPath = "";
			projectRoot = "";
			targets = (
				A7EFEE2C187BE2AB00518B76 /* FastFavs */,
				A7EFEE50187BE2AB00518B76 /* FastFavsTests */,
			);
		};
/* End PBXProject section */

/* Begin PBXResourcesBuildPhase section */
		A7EFEE2B187BE2AB00518B76 /* Resources */ = {
			isa = PBXResourcesBuildPhase;
			buildActionMask = 2147483647;
			files = (
				A7EFEE79187BE53100518B76 /* .gitattributes in Resources */,
				A7EFEE47187BE2AB00518B76 /* Main_iPad.storyboard in Resources */,
				A7EFEE4C187BE2AB00518B76 /* Images.xcassets in Resources */,
				A7EFEE44187BE2AB00518B76 /* Main_iPhone.storyboard in Resources */,
				A7EFEE7A187BE53100518B76 /* .gitignore in Resources */,
				A7EFEE7C187BE65D00518B76 /* Podfile in Resources */,
				A7EFEE3B187BE2AB00518B76 /* InfoPlist.strings in Resources */,
			);
			runOnlyForDeploymentPostprocessing = 0;
		};
		A7EFEE4F187BE2AB00518B76 /* Resources */ = {
			isa = PBXResourcesBuildPhase;
			buildActionMask = 2147483647;
			files = (
				A7EFEE5D187BE2AB00518B76 /* InfoPlist.strings in Resources */,
			);
			runOnlyForDeploymentPostprocessing = 0;
		};
/* End PBXResourcesBuildPhase section */

/* Begin PBXShellScriptBuildPhase section */
		1792C5887DFB4E29BB788442 /* Copy Pods Resources */ = {
			isa = PBXShellScriptBuildPhase;
			buildActionMask = 2147483647;
			files = (
			);
			inputPaths = (
			);
			name = "Copy Pods Resources";
			outputPaths = (
			);
			runOnlyForDeploymentPostprocessing = 0;
			shellPath = /bin/sh;
			shellScript = "\"${SRCROOT}/Pods/Pods-FastFavs-resources.sh\"\n";
			showEnvVarsInLog = 0;
		};
		56341C5413E14267B0DF0A67 /* Check Pods Manifest.lock */ = {
			isa = PBXShellScriptBuildPhase;
			buildActionMask = 2147483647;
			files = (
			);
			inputPaths = (
			);
			name = "Check Pods Manifest.lock";
			outputPaths = (
			);
			runOnlyForDeploymentPostprocessing = 0;
			shellPath = /bin/sh;
			shellScript = "diff \"${PODS_ROOT}/../Podfile.lock\" \"${PODS_ROOT}/Manifest.lock\" > /dev/null\nif [[ $? != 0 ]] ; then\n    cat << EOM\nerror: The sandbox is not in sync with the Podfile.lock. Run 'pod install' or update your CocoaPods installation.\nEOM\n    exit 1\nfi\n";
			showEnvVarsInLog = 0;
		};
/* End PBXShellScriptBuildPhase section */

/* Begin PBXSourcesBuildPhase section */
		A7EFEE29187BE2AB00518B76 /* Sources */ = {
			isa = PBXSourcesBuildPhase;
			buildActionMask = 2147483647;
			files = (
				A7EFEE3D187BE2AB00518B76 /* main.m in Sources */,
				A7BE9745187C266400F19794 /* FFFFastFavSectionHeader.m in Sources */,
				A7BE9746187C266400F19794 /* FFFUICollectionViewFastFavCell.m in Sources */,
				A7BE973D187C241900F19794 /* UIImage+RoundedCorner.m in Sources */,
				A7BE973C187C241900F19794 /* UIImage+Resize.m in Sources */,
				A7EFEE41187BE2AB00518B76 /* DOBRAppDelegate.m in Sources */,
				A7BE973B187C241900F19794 /* UIImage+Alpha.m in Sources */,
				A7BE9740187C25CE00F19794 /* OBRFastFavsMainDetailCollectionViewVC.m in Sources */,
				A7BE9749187C272100F19794 /* OBRFastFavsDetailImageVC.m in Sources */,
			);
			runOnlyForDeploymentPostprocessing = 0;
		};
		A7EFEE4D187BE2AB00518B76 /* Sources */ = {
			isa = PBXSourcesBuildPhase;
			buildActionMask = 2147483647;
			files = (
				A7EFEE5F187BE2AB00518B76 /* FastFavsTests.m in Sources */,
			);
			runOnlyForDeploymentPostprocessing = 0;
		};
/* End PBXSourcesBuildPhase section */

/* Begin PBXTargetDependency section */
		A7EFEE57187BE2AB00518B76 /* PBXTargetDependency */ = {
			isa = PBXTargetDependency;
			target = A7EFEE2C187BE2AB00518B76 /* FastFavs */;
			targetProxy = A7EFEE56187BE2AB00518B76 /* PBXContainerItemProxy */;
		};
/* End PBXTargetDependency section */

/* Begin PBXVariantGroup section */
		A7EFEE39187BE2AB00518B76 /* InfoPlist.strings */ = {
			isa = PBXVariantGroup;
			children = (
				A7EFEE3A187BE2AB00518B76 /* en */,
			);
			name = InfoPlist.strings;
			sourceTree = "<group>";
		};
		A7EFEE42187BE2AB00518B76 /* Main_iPhone.storyboard */ = {
			isa = PBXVariantGroup;
			children = (
				A7EFEE43187BE2AB00518B76 /* Base */,
			);
			name = Main_iPhone.storyboard;
			path = ../..;
			sourceTree = "<group>";
		};
		A7EFEE45187BE2AB00518B76 /* Main_iPad.storyboard */ = {
			isa = PBXVariantGroup;
			children = (
				A7EFEE46187BE2AB00518B76 /* Base */,
			);
			name = Main_iPad.storyboard;
			path = ../..;
			sourceTree = "<group>";
		};
		A7EFEE5B187BE2AB00518B76 /* InfoPlist.strings */ = {
			isa = PBXVariantGroup;
			children = (
				A7EFEE5C187BE2AB00518B76 /* en */,
			);
			name = InfoPlist.strings;
			sourceTree = "<group>";
		};
/* End PBXVariantGroup section */

/* Begin XCBuildConfiguration section */
		A7EFEE60187BE2AB00518B76 /* Debug */ = {
			isa = XCBuildConfiguration;
			buildSettings = {
				ALWAYS_SEARCH_USER_PATHS = NO;
				ARCHS = "$(ARCHS_STANDARD_INCLUDING_64_BIT)";
				CLANG_CXX_LANGUAGE_STANDARD = "gnu++0x";
				CLANG_CXX_LIBRARY = "libc++";
				CLANG_ENABLE_MODULES = YES;
				CLANG_ENABLE_OBJC_ARC = YES;
				CLANG_WARN_BOOL_CONVERSION = YES;
				CLANG_WARN_CONSTANT_CONVERSION = YES;
				CLANG_WARN_DIRECT_OBJC_ISA_USAGE = YES_ERROR;
				CLANG_WARN_EMPTY_BODY = YES;
				CLANG_WARN_ENUM_CONVERSION = YES;
				CLANG_WARN_INT_CONVERSION = YES;
				CLANG_WARN_OBJC_ROOT_CLASS = YES_ERROR;
				CLANG_WARN__DUPLICATE_METHOD_MATCH = YES;
				"CODE_SIGN_IDENTITY[sdk=iphoneos*]" = "iPhone Developer";
				COPY_PHASE_STRIP = NO;
				GCC_C_LANGUAGE_STANDARD = gnu99;
				GCC_DYNAMIC_NO_PIC = NO;
				GCC_OPTIMIZATION_LEVEL = 0;
				GCC_PREPROCESSOR_DEFINITIONS = (
					"DEBUG=1",
					"$(inherited)",
				);
				GCC_SYMBOLS_PRIVATE_EXTERN = NO;
				GCC_WARN_64_TO_32_BIT_CONVERSION = YES;
				GCC_WARN_ABOUT_RETURN_TYPE = YES_ERROR;
				GCC_WARN_UNDECLARED_SELECTOR = YES;
				GCC_WARN_UNINITIALIZED_AUTOS = YES;
				GCC_WARN_UNUSED_FUNCTION = YES;
				GCC_WARN_UNUSED_VARIABLE = YES;
				IPHONEOS_DEPLOYMENT_TARGET = 7.0;
				ONLY_ACTIVE_ARCH = YES;
				SDKROOT = iphoneos;
				TARGETED_DEVICE_FAMILY = "1,2";
			};
			name = Debug;
		};
		A7EFEE61187BE2AB00518B76 /* Release */ = {
			isa = XCBuildConfiguration;
			buildSettings = {
				ALWAYS_SEARCH_USER_PATHS = NO;
				ARCHS = "$(ARCHS_STANDARD_INCLUDING_64_BIT)";
				CLANG_CXX_LANGUAGE_STANDARD = "gnu++0x";
				CLANG_CXX_LIBRARY = "libc++";
				CLANG_ENABLE_MODULES = YES;
				CLANG_ENABLE_OBJC_ARC = YES;
				CLANG_WARN_BOOL_CONVERSION = YES;
				CLANG_WARN_CONSTANT_CONVERSION = YES;
				CLANG_WARN_DIRECT_OBJC_ISA_USAGE = YES_ERROR;
				CLANG_WARN_EMPTY_BODY = YES;
				CLANG_WARN_ENUM_CONVERSION = YES;
				CLANG_WARN_INT_CONVERSION = YES;
				CLANG_WARN_OBJC_ROOT_CLASS = YES_ERROR;
				CLANG_WARN__DUPLICATE_METHOD_MATCH = YES;
				"CODE_SIGN_IDENTITY[sdk=iphoneos*]" = "iPhone Developer";
				COPY_PHASE_STRIP = YES;
				ENABLE_NS_ASSERTIONS = NO;
				GCC_C_LANGUAGE_STANDARD = gnu99;
				GCC_WARN_64_TO_32_BIT_CONVERSION = YES;
				GCC_WARN_ABOUT_RETURN_TYPE = YES_ERROR;
				GCC_WARN_UNDECLARED_SELECTOR = YES;
				GCC_WARN_UNINITIALIZED_AUTOS = YES;
				GCC_WARN_UNUSED_FUNCTION = YES;
				GCC_WARN_UNUSED_VARIABLE = YES;
				IPHONEOS_DEPLOYMENT_TARGET = 7.0;
				SDKROOT = iphoneos;
				TARGETED_DEVICE_FAMILY = "1,2";
				VALIDATE_PRODUCT = YES;
			};
			name = Release;
		};
		A7EFEE63187BE2AB00518B76 /* Debug */ = {
			isa = XCBuildConfiguration;
			baseConfigurationReference = 2B9C983DD0974A54BD33E2F4 /* Pods-FastFavs.xcconfig */;
			buildSettings = {
				ASSETCATALOG_COMPILER_APPICON_NAME = AppIcon;
				ASSETCATALOG_COMPILER_LAUNCHIMAGE_NAME = LaunchImage;
				CODE_SIGN_IDENTITY = "iPhone Developer";
				"CODE_SIGN_IDENTITY[sdk=iphoneos*]" = "iPhone Developer";
				GCC_PRECOMPILE_PREFIX_HEADER = YES;
				GCC_PREFIX_HEADER = "FastFavs/FastFavs-Prefix.pch";
				INFOPLIST_FILE = "FastFavs/FastFavs-Info.plist";
				PRODUCT_NAME = "$(TARGET_NAME)";
				PROVISIONING_PROFILE = "";
				WRAPPER_EXTENSION = app;
			};
			name = Debug;
		};
		A7EFEE64187BE2AB00518B76 /* Release */ = {
			isa = XCBuildConfiguration;
			baseConfigurationReference = 2B9C983DD0974A54BD33E2F4 /* Pods-FastFavs.xcconfig */;
			buildSettings = {
				ASSETCATALOG_COMPILER_APPICON_NAME = AppIcon;
				ASSETCATALOG_COMPILER_LAUNCHIMAGE_NAME = LaunchImage;
				CODE_SIGN_IDENTITY = "iPhone Developer";
				"CODE_SIGN_IDENTITY[sdk=iphoneos*]" = "iPhone Developer";
				GCC_PRECOMPILE_PREFIX_HEADER = YES;
				GCC_PREFIX_HEADER = "FastFavs/FastFavs-Prefix.pch";
				INFOPLIST_FILE = "FastFavs/FastFavs-Info.plist";
				PRODUCT_NAME = "$(TARGET_NAME)";
				PROVISIONING_PROFILE = "";
				WRAPPER_EXTENSION = app;
			};
			name = Release;
		};
		A7EFEE66187BE2AB00518B76 /* Debug */ = {
			isa = XCBuildConfiguration;
			buildSettings = {
				ARCHS = "$(ARCHS_STANDARD_INCLUDING_64_BIT)";
				BUNDLE_LOADER = "$(BUILT_PRODUCTS_DIR)/FastFavs.app/FastFavs";
				FRAMEWORK_SEARCH_PATHS = (
					"$(SDKROOT)/Developer/Library/Frameworks",
					"$(inherited)",
					"$(DEVELOPER_FRAMEWORKS_DIR)",
				);
				GCC_PRECOMPILE_PREFIX_HEADER = YES;
				GCC_PREFIX_HEADER = "FastFavs/FastFavs-Prefix.pch";
				GCC_PREPROCESSOR_DEFINITIONS = (
					"DEBUG=1",
					"$(inherited)",
				);
				INFOPLIST_FILE = "FastFavsTests/FastFavsTests-Info.plist";
				PRODUCT_NAME = "$(TARGET_NAME)";
				TEST_HOST = "$(BUNDLE_LOADER)";
				WRAPPER_EXTENSION = xctest;
			};
			name = Debug;
		};
		A7EFEE67187BE2AB00518B76 /* Release */ = {
			isa = XCBuildConfiguration;
			buildSettings = {
				ARCHS = "$(ARCHS_STANDARD_INCLUDING_64_BIT)";
				BUNDLE_LOADER = "$(BUILT_PRODUCTS_DIR)/FastFavs.app/FastFavs";
				FRAMEWORK_SEARCH_PATHS = (
					"$(SDKROOT)/Developer/Library/Frameworks",
					"$(inherited)",
					"$(DEVELOPER_FRAMEWORKS_DIR)",
				);
				GCC_PRECOMPILE_PREFIX_HEADER = YES;
				GCC_PREFIX_HEADER = "FastFavs/FastFavs-Prefix.pch";
				INFOPLIST_FILE = "FastFavsTests/FastFavsTests-Info.plist";
				PRODUCT_NAME = "$(TARGET_NAME)";
				TEST_HOST = "$(BUNDLE_LOADER)";
				WRAPPER_EXTENSION = xctest;
			};
			name = Release;
		};
/* End XCBuildConfiguration section */

/* Begin XCConfigurationList section */
		A7EFEE28187BE2AB00518B76 /* Build configuration list for PBXProject "FastFavs" */ = {
			isa = XCConfigurationList;
			buildConfigurations = (
				A7EFEE60187BE2AB00518B76 /* Debug */,
				A7EFEE61187BE2AB00518B76 /* Release */,
			);
			defaultConfigurationIsVisible = 0;
			defaultConfigurationName = Release;
		};
		A7EFEE62187BE2AB00518B76 /* Build configuration list for PBXNativeTarget "FastFavs" */ = {
			isa = XCConfigurationList;
			buildConfigurations = (
				A7EFEE63187BE2AB00518B76 /* Debug */,
				A7EFEE64187BE2AB00518B76 /* Release */,
			);
			defaultConfigurationIsVisible = 0;
			defaultConfigurationName = Release;
		};
		A7EFEE65187BE2AB00518B76 /* Build configuration list for PBXNativeTarget "FastFavsTests" */ = {
			isa = XCConfigurationList;
			buildConfigurations = (
				A7EFEE66187BE2AB00518B76 /* Debug */,
				A7EFEE67187BE2AB00518B76 /* Release */,
			);
			defaultConfigurationIsVisible = 0;
			defaultConfigurationName = Release;
		};
/* End XCConfigurationList section */
	};
	rootObject = A7EFEE25187BE2AB00518B76 /* Project object */;
}
